
Microsoft Visual Studio Solution File, Format Version 12.00
# Visual Studio Version 16
VisualStudioVersion = 16.0.30907.101
MinimumVisualStudioVersion = 10.0.40219.1
Project("{FAE04EC0-301F-11D3-BF4B-00C04F79EFBC}") = "Interfaces", "Interfaces\Interfaces.csproj", "{38B79B69-1B38-4F3E-98A9-B7CD5E841005}"
EndProject
Global
	GlobalSection(SolutionConfigurationPlatforms) = preSolution
		Debug|Any CPU = Debug|Any CPU
		Release|Any CPU = Release|Any CPU
	EndGlobalSection
	GlobalSection(ProjectConfigurationPlatforms) = postSolution
		{38B79B69-1B38-4F3E-98A9-B7CD5E841005}.Debug|Any CPU.ActiveCfg = Debug|Any CPU
		{38B79B69-1B38-4F3E-98A9-B7CD5E841005}.Debug|Any CPU.Build.0 = Debug|Any CPU
		{38B79B69-1B38-4F3E-98A9-B7CD5E841005}.Release|Any CPU.ActiveCfg = Release|Any CPU
		{38B79B69-1B38-4F3E-98A9-B7CD5E841005}.Release|Any CPU.Build.0 = Release|Any CPU
	EndGlobalSection
	GlobalSection(SolutionProperties) = preSolution
		HideSolutionNode = FALSE
	EndGlobalSection
	GlobalSection(ExtensibilityGlobals) = postSolution
		SolutionGuid = {439A1DF2-683A-4494-8553-2D111ABDC956}
	EndGlobalSection
EndGlobal
